{"1.2.0",
[{<<"cowboy">>,{pkg,<<"cowboy">>,<<"2.10.0">>},1},
 {<<"cowlib">>,{pkg,<<"cowlib">>,<<"2.12.1">>},2},
 {<<"esaml">>,{pkg,<<"esaml">>,<<"4.5.0">>},0},
 {<<"hex_core">>,{pkg,<<"hex_core">>,<<"0.8.4">>},1},
 {<<"ranch">>,{pkg,<<"ranch">>,<<"1.8.0">>},2},
 {<<"rebar3_hex">>,{pkg,<<"rebar3_hex">>,<<"7.0.7">>},0},
 {<<"verl">>,{pkg,<<"verl">>,<<"1.1.1">>},1}]}.
[
{pkg_hash,[
 {<<"cowboy">>, <<"FF9FFEFF91DAE4AE270DD975642997AFE2A1179D94B1887863E43F681A203E26">>},
 {<<"cowlib">>, <<"A9FA9A625F1D2025FE6B462CB865881329B5CAFF8F1854D1CBC9F9533F00E1E1">>},
 {<<"esaml">>, <<"4C79A47511B212DEAB235816B10F89CF884A7DA662EF50956176BFF8BCA1F8E8">>},
 {<<"hex_core">>, <<"FF38B56D164D5987962232C28D769661907B55CE1F058CAECA8E0C8CA5BD85C8">>},
 {<<"ranch">>, <<"8C7A100A139FD57F17327B6413E4167AC559FBC04CA7448E9BE9057311597A1D">>},
 {<<"rebar3_hex">>, <<"758117106A0F2A74A021E95473F257DC5D766676673653A4E33EC1F19643D06E">>},
 {<<"verl">>, <<"98F3EC48B943AA4AE8E29742DE86A7CD752513687911FE07D2E00ECDF3107E45">>}]},
{pkg_hash_ext,[
 {<<"cowboy">>, <<"3AFDCCB7183CC6F143CB14D3CF51FA00E53DB9EC80CDCD525482F5E99BC41D6B">>},
 {<<"cowlib">>, <<"163B73F6367A7341B33C794C4E88E7DBFE6498AC42DCD69EF44C5BC5507C8DB0">>},
 {<<"esaml">>, <<"4697E5CDD70C9EA0FD7FF8FF1C4049566BFA9202588B56924B181C3B2976D67D">>},
 {<<"hex_core">>, <<"4B8C21FA049515D778395E38B0D0E5D48B7ECDC703BBA1F7007E2651292CE61A">>},
 {<<"ranch">>, <<"49FBCFD3682FAB1F5D109351B61257676DA1A2FDBE295904176D5E521A2DDFE5">>},
 {<<"rebar3_hex">>, <<"D52DA2812C2222701352050B67513A7B674AE9823982F45F7C745F1751A0E4E9">>},
 {<<"verl">>, <<"0925E51CD92A0A8BE271765B02430B2E2CFF8AC30EF24D123BD0D58511E8FB18">>}]}
].
